
Microsoft Visual Studio Solution File, Format Version 12.00
# Visual Studio Version 17
VisualStudioVersion = 17.4.33205.214
MinimumVisualStudioVersion = 10.0.40219.1
Project("{FAE04EC0-301F-11D3-BF4B-00C04F79EFBC}") = "CursoCRud.Server", "CursoCRud\Server\CursoCRud.Server.csproj", "{95094B9D-EB37-47AF-84E5-C253991D03A1}"
EndProject
Project("{FAE04EC0-301F-11D3-BF4B-00C04F79EFBC}") = "CursoCRud.Client", "CursoCRud\Client\CursoCRud.Client.csproj", "{FD88E724-2531-4CD9-AD08-6A8B552F06E2}"
EndProject
Project("{FAE04EC0-301F-11D3-BF4B-00C04F79EFBC}") = "CursoCRud.Shared", "CursoCRud\Shared\CursoCRud.Shared.csproj", "{9D6149E3-8FC9-492A-A6D0-637934769032}"
EndProject
Global
	GlobalSection(SolutionConfigurationPlatforms) = preSolution
		Debug|Any CPU = Debug|Any CPU
		Release|Any CPU = Release|Any CPU
	EndGlobalSection
	GlobalSection(ProjectConfigurationPlatforms) = postSolution
		{95094B9D-EB37-47AF-84E5-C253991D03A1}.Debug|Any CPU.ActiveCfg = Debug|Any CPU
		{95094B9D-EB37-47AF-84E5-C253991D03A1}.Debug|Any CPU.Build.0 = Debug|Any CPU
		{95094B9D-EB37-47AF-84E5-C253991D03A1}.Release|Any CPU.ActiveCfg = Release|Any CPU
		{95094B9D-EB37-47AF-84E5-C253991D03A1}.Release|Any CPU.Build.0 = Release|Any CPU
		{FD88E724-2531-4CD9-AD08-6A8B552F06E2}.Debug|Any CPU.ActiveCfg = Debug|Any CPU
		{FD88E724-2531-4CD9-AD08-6A8B552F06E2}.Debug|Any CPU.Build.0 = Debug|Any CPU
		{FD88E724-2531-4CD9-AD08-6A8B552F06E2}.Release|Any CPU.ActiveCfg = Release|Any CPU
		{FD88E724-2531-4CD9-AD08-6A8B552F06E2}.Release|Any CPU.Build.0 = Release|Any CPU
		{9D6149E3-8FC9-492A-A6D0-637934769032}.Debug|Any CPU.ActiveCfg = Debug|Any CPU
		{9D6149E3-8FC9-492A-A6D0-637934769032}.Debug|Any CPU.Build.0 = Debug|Any CPU
		{9D6149E3-8FC9-492A-A6D0-637934769032}.Release|Any CPU.ActiveCfg = Release|Any CPU
		{9D6149E3-8FC9-492A-A6D0-637934769032}.Release|Any CPU.Build.0 = Release|Any CPU
	EndGlobalSection
	GlobalSection(SolutionProperties) = preSolution
		HideSolutionNode = FALSE
	EndGlobalSection
	GlobalSection(ExtensibilityGlobals) = postSolution
		SolutionGuid = {47699FF9-AF7B-46AB-82A1-ECE32460750E}
	EndGlobalSection
EndGlobal
